<?xml version="1.0" encoding="utf-8"?>
<Project ToolsVersion="4.0" xmlns="http://schemas.microsoft.com/developer/msbuild/2003">
  <ItemGroup>
    <Filter Include="Source Files">
      <UniqueIdentifier>{4FC737F1-C7A5-4376-A066-2A32D752A2FF}</UniqueIdentifier>
      <Extensions>cpp;c;cc;cxx;def;odl;idl;hpj;bat;asm;asmx</Extensions>
    </Filter>
    <Filter Include="Header Files">
      <UniqueIdentifier>{93995380-89BD-4b04-88EB-625FBE52EBFB}</UniqueIdentifier>
      <Extensions>h;hh;hpp;hxx;hm;inl;inc;xsd</Extensions>
    </Filter>
    <Filter Include="Resource Files">
      <UniqueIdentifier>{67DA6AB6-F800-4c08-8B7A-83BB121AAD01}</UniqueIdentifier>
      <Extensions>rc;ico;cur;bmp;dlg;rc2;rct;bin;rgs;gif;jpg;jpeg;jpe;resx;tiff;tif;png;wav</Extensions>
    </Filter>
  </ItemGroup>
  <ItemGroup>
    <ClCompile Include="data\test_array.cpp">
      <Filter>Source Files</Filter>
    </ClCompile>
    <ClCompile Include="data\test_batch_matrix.cpp">
      <Filter>Source Files</Filter>
    </ClCompile>
    <ClCompile Include="data\test_batch_scalar.cpp">
      <Filter>Source Files</Filter>
    </ClCompile>
    <ClCompile Include="data\test_duplicate.cpp">
      <Filter>Source Files</Filter>
    </ClCompile>
    <ClCompile Include="data\test_general_matrix.cpp">
      <Filter>Source Files</Filter>
    </ClCompile>
    <ClCompile Include="data\test_one_hot_vector.cpp">
      <Filter>Source Files</Filter>
    </ClCompile>
    <ClCompile Include="data\test_scalar.cpp">
      <Filter>Source Files</Filter>
    </ClCompile>
    <ClCompile Include="data\test_trival_matrix.cpp">
      <Filter>Source Files</Filter>
    </ClCompile>
    <ClCompile Include="data\test_zero_matrix.cpp">
      <Filter>Source Files</Filter>
    </ClCompile>
    <ClCompile Include="evaluate\test_eval_plan.cpp">
      <Filter>Source Files</Filter>
    </ClCompile>
    <ClCompile Include="facilities\test_var_type_dict.cpp">
      <Filter>Source Files</Filter>
    </ClCompile>
    <ClCompile Include="layers\compose\test_compose_kernel.cpp">
      <Filter>Source Files</Filter>
    </ClCompile>
    <ClCompile Include="layers\compose\test_linear_layer.cpp">
      <Filter>Source Files</Filter>
    </ClCompile>
    <ClCompile Include="layers\compose\test_single_layer.cpp">
      <Filter>Source Files</Filter>
    </ClCompile>
    <ClCompile Include="layers\cost\test_negative_log_likelihood_layer.cpp">
      <Filter>Source Files</Filter>
    </ClCompile>
    <ClCompile Include="layers\elementary\test_abs_layer.cpp">
      <Filter>Source Files</Filter>
    </ClCompile>
    <ClCompile Include="layers\elementary\test_add_layer.cpp">
      <Filter>Source Files</Filter>
    </ClCompile>
    <ClCompile Include="layers\elementary\test_bias_layer.cpp">
      <Filter>Source Files</Filter>
    </ClCompile>
    <ClCompile Include="layers\elementary\test_element_mul_layer.cpp">
      <Filter>Source Files</Filter>
    </ClCompile>
    <ClCompile Include="layers\elementary\test_interpolate_layer.cpp">
      <Filter>Source Files</Filter>
    </ClCompile>
    <ClCompile Include="layers\elementary\test_sigmoid_layer.cpp">
      <Filter>Source Files</Filter>
    </ClCompile>
    <ClCompile Include="layers\elementary\test_softmax_layer.cpp">
      <Filter>Source Files</Filter>
    </ClCompile>
    <ClCompile Include="layers\elementary\test_tanh_layer.cpp">
      <Filter>Source Files</Filter>
    </ClCompile>
    <ClCompile Include="layers\elementary\test_weight_layer.cpp">
      <Filter>Source Files</Filter>
    </ClCompile>
    <ClCompile Include="layers\recurrent\test_gru.cpp">
      <Filter>Source Files</Filter>
    </ClCompile>
    <ClCompile Include="layers\recurrent\test_gru_2.cpp">
      <Filter>Source Files</Filter>
    </ClCompile>
    <ClCompile Include="main.cpp">
      <Filter>Source Files</Filter>
    </ClCompile>
    <ClCompile Include="model_rel\param_initializer\test_constant_filler.cpp">
      <Filter>Source Files</Filter>
    </ClCompile>
    <ClCompile Include="model_rel\param_initializer\test_gaussian_filler.cpp">
      <Filter>Source Files</Filter>
    </ClCompile>
    <ClCompile Include="model_rel\param_initializer\test_var_scale_filter.cpp">
      <Filter>Source Files</Filter>
    </ClCompile>
    <ClCompile Include="operators\test_abs.cpp">
      <Filter>Source Files</Filter>
    </ClCompile>
    <ClCompile Include="operators\test_add.cpp">
      <Filter>Source Files</Filter>
    </ClCompile>
    <ClCompile Include="operators\test_collapse.cpp">
      <Filter>Source Files</Filter>
    </ClCompile>
    <ClCompile Include="operators\test_divide.cpp">
      <Filter>Source Files</Filter>
    </ClCompile>
    <ClCompile Include="operators\test_dot.cpp">
      <Filter>Source Files</Filter>
    </ClCompile>
    <ClCompile Include="operators\test_element_mul.cpp">
      <Filter>Source Files</Filter>
    </ClCompile>
    <ClCompile Include="operators\test_interpolate.cpp">
      <Filter>Source Files</Filter>
    </ClCompile>
    <ClCompile Include="operators\test_negative_log_likelihood.cpp">
      <Filter>Source Files</Filter>
    </ClCompile>
    <ClCompile Include="operators\test_negative_log_likelihood_derivative.cpp">
      <Filter>Source Files</Filter>
    </ClCompile>
    <ClCompile Include="operators\test_sigmoid.cpp">
      <Filter>Source Files</Filter>
    </ClCompile>
    <ClCompile Include="operators\test_sigmoid_derivative.cpp">
      <Filter>Source Files</Filter>
    </ClCompile>
    <ClCompile Include="operators\test_sign.cpp">
      <Filter>Source Files</Filter>
    </ClCompile>
    <ClCompile Include="operators\test_softmax.cpp">
      <Filter>Source Files</Filter>
    </ClCompile>
    <ClCompile Include="operators\test_softmax_derivative.cpp">
      <Filter>Source Files</Filter>
    </ClCompile>
    <ClCompile Include="operators\test_substract.cpp">
      <Filter>Source Files</Filter>
    </ClCompile>
    <ClCompile Include="operators\test_tanh.cpp">
      <Filter>Source Files</Filter>
    </ClCompile>
    <ClCompile Include="operators\test_tanh_derivative.cpp">
      <Filter>Source Files</Filter>
    </ClCompile>
    <ClCompile Include="operators\test_transpose.cpp">
      <Filter>Source Files</Filter>
    </ClCompile>
    <ClCompile Include="policies\test_change_policy.cpp">
      <Filter>Source Files</Filter>
    </ClCompile>
    <ClCompile Include="policies\test_policy_operations.cpp">
      <Filter>Source Files</Filter>
    </ClCompile>
    <ClCompile Include="policies\test_policy_selector.cpp">
      <Filter>Source Files</Filter>
    </ClCompile>
  </ItemGroup>
  <ItemGroup>
    <ClInclude Include="..\metann\data\batch\array.h">
      <Filter>Header Files</Filter>
    </ClInclude>
    <ClInclude Include="..\metann\data\batch\batch.h">
      <Filter>Header Files</Filter>
    </ClInclude>
    <ClInclude Include="..\metann\data\batch\duplicate.h">
      <Filter>Header Files</Filter>
    </ClInclude>
    <ClInclude Include="..\metann\data\batch\matrix.h">
      <Filter>Header Files</Filter>
    </ClInclude>
    <ClInclude Include="..\metann\data\batch\scalar.h">
      <Filter>Header Files</Filter>
    </ClInclude>
    <ClInclude Include="..\metann\data\dynamic.h">
      <Filter>Header Files</Filter>
    </ClInclude>
    <ClInclude Include="..\metann\data\facilities\allocators.h">
      <Filter>Header Files</Filter>
    </ClInclude>
    <ClInclude Include="..\metann\data\facilities\continuous_memory.h">
      <Filter>Header Files</Filter>
    </ClInclude>
    <ClInclude Include="..\metann\data\facilities\lower_access.h">
      <Filter>Header Files</Filter>
    </ClInclude>
    <ClInclude Include="..\metann\data\facilities\tags.h">
      <Filter>Header Files</Filter>
    </ClInclude>
    <ClInclude Include="..\metann\data\facilities\traits.h">
      <Filter>Header Files</Filter>
    </ClInclude>
    <ClInclude Include="..\metann\data\matrices\cpu_matrix.h">
      <Filter>Header Files</Filter>
    </ClInclude>
    <ClInclude Include="..\metann\data\matrices\matrices.h">
      <Filter>Header Files</Filter>
    </ClInclude>
    <ClInclude Include="..\metann\data\matrices\one_hot_vector.h">
      <Filter>Header Files</Filter>
    </ClInclude>
    <ClInclude Include="..\metann\data\matrices\trival_matrix.h">
      <Filter>Header Files</Filter>
    </ClInclude>
    <ClInclude Include="..\metann\data\matrices\zero_matrix.h">
      <Filter>Header Files</Filter>
    </ClInclude>
    <ClInclude Include="..\metann\data\scalar.h">
      <Filter>Header Files</Filter>
    </ClInclude>
    <ClInclude Include="..\metann\data_copy\data_copy.h">
      <Filter>Header Files</Filter>
    </ClInclude>
    <ClInclude Include="..\metann\evaluate\cpu\trival_eval_pool.h">
      <Filter>Header Files</Filter>
    </ClInclude>
    <ClInclude Include="..\metann\evaluate\facilities\eval_buffer.h">
      <Filter>Header Files</Filter>
    </ClInclude>
    <ClInclude Include="..\metann\evaluate\facilities\eval_group.h">
      <Filter>Header Files</Filter>
    </ClInclude>
    <ClInclude Include="..\metann\evaluate\facilities\eval_handle.h">
      <Filter>Header Files</Filter>
    </ClInclude>
    <ClInclude Include="..\metann\evaluate\facilities\eval_plan.h">
      <Filter>Header Files</Filter>
    </ClInclude>
    <ClInclude Include="..\metann\evaluate\facilities\eval_pool.h">
      <Filter>Header Files</Filter>
    </ClInclude>
    <ClInclude Include="..\metann\evaluate\facilities\eval_unit.h">
      <Filter>Header Files</Filter>
    </ClInclude>
    <ClInclude Include="..\metann\facilities\null_param.h">
      <Filter>Header Files</Filter>
    </ClInclude>
    <ClInclude Include="..\metann\facilities\traits.h">
      <Filter>Header Files</Filter>
    </ClInclude>
    <ClInclude Include="..\metann\facilities\var_type_dict.h">
      <Filter>Header Files</Filter>
    </ClInclude>
    <ClInclude Include="..\metann\layers\compose\compose_kernel.h">
      <Filter>Header Files</Filter>
    </ClInclude>
    <ClInclude Include="..\metann\layers\compose\linear_layer.h">
      <Filter>Header Files</Filter>
    </ClInclude>
    <ClInclude Include="..\metann\layers\compose\single_layer.h">
      <Filter>Header Files</Filter>
    </ClInclude>
    <ClInclude Include="..\metann\layers\cost\negative_log_likelihood_layer.h">
      <Filter>Header Files</Filter>
    </ClInclude>
    <ClInclude Include="..\metann\layers\elementary\abs_layer.h">
      <Filter>Header Files</Filter>
    </ClInclude>
    <ClInclude Include="..\metann\layers\elementary\add_layer.h">
      <Filter>Header Files</Filter>
    </ClInclude>
    <ClInclude Include="..\metann\layers\elementary\bias_layer.h">
      <Filter>Header Files</Filter>
    </ClInclude>
    <ClInclude Include="..\metann\layers\elementary\element_mul_layer.h">
      <Filter>Header Files</Filter>
    </ClInclude>
    <ClInclude Include="..\metann\layers\elementary\interpolate_layer.h">
      <Filter>Header Files</Filter>
    </ClInclude>
    <ClInclude Include="..\metann\layers\elementary\sigmoid_layer.h">
      <Filter>Header Files</Filter>
    </ClInclude>
    <ClInclude Include="..\metann\layers\elementary\softmax_layer.h">
      <Filter>Header Files</Filter>
    </ClInclude>
    <ClInclude Include="..\metann\layers\elementary\tanh_layer.h">
      <Filter>Header Files</Filter>
    </ClInclude>
    <ClInclude Include="..\metann\layers\elementary\weight_layer.h">
      <Filter>Header Files</Filter>
    </ClInclude>
    <ClInclude Include="..\metann\layers\facilities\common_io.h">
      <Filter>Header Files</Filter>
    </ClInclude>
    <ClInclude Include="..\metann\layers\facilities\interface_fun.h">
      <Filter>Header Files</Filter>
    </ClInclude>
    <ClInclude Include="..\metann\layers\facilities\policies.h">
      <Filter>Header Files</Filter>
    </ClInclude>
    <ClInclude Include="..\metann\layers\facilities\traits.h">
      <Filter>Header Files</Filter>
    </ClInclude>
    <ClInclude Include="..\metann\layers\recurrent\gru_step.h">
      <Filter>Header Files</Filter>
    </ClInclude>
    <ClInclude Include="..\metann\layers\recurrent\recurrent_layer.h">
      <Filter>Header Files</Filter>
    </ClInclude>
    <ClInclude Include="..\metann\meta_nn.h">
      <Filter>Header Files</Filter>
    </ClInclude>
    <ClInclude Include="..\metann\model_rel\grad_col\grad_collector.h">
      <Filter>Header Files</Filter>
    </ClInclude>
    <ClInclude Include="..\metann\model_rel\param_initializer\constant_filler.h">
      <Filter>Header Files</Filter>
    </ClInclude>
    <ClInclude Include="..\metann\model_rel\param_initializer\facilities\fill_with_spec_dist.h">
      <Filter>Header Files</Filter>
    </ClInclude>
    <ClInclude Include="..\metann\model_rel\param_initializer\facilities\policies.h">
      <Filter>Header Files</Filter>
    </ClInclude>
    <ClInclude Include="..\metann\model_rel\param_initializer\facilities\traits.h">
      <Filter>Header Files</Filter>
    </ClInclude>
    <ClInclude Include="..\metann\model_rel\param_initializer\gaussian_filler.h">
      <Filter>Header Files</Filter>
    </ClInclude>
    <ClInclude Include="..\metann\model_rel\param_initializer\param_initializer.h">
      <Filter>Header Files</Filter>
    </ClInclude>
    <ClInclude Include="..\metann\model_rel\param_initializer\uniform_filler.h">
      <Filter>Header Files</Filter>
    </ClInclude>
    <ClInclude Include="..\metann\model_rel\param_initializer\var_scale_filler.h">
      <Filter>Header Files</Filter>
    </ClInclude>
    <ClInclude Include="..\metann\operators\abs.h">
      <Filter>Header Files</Filter>
    </ClInclude>
    <ClInclude Include="..\metann\operators\add.h">
      <Filter>Header Files</Filter>
    </ClInclude>
    <ClInclude Include="..\metann\operators\collapse.h">
      <Filter>Header Files</Filter>
    </ClInclude>
    <ClInclude Include="..\metann\operators\divide.h">
      <Filter>Header Files</Filter>
    </ClInclude>
    <ClInclude Include="..\metann\operators\dot.h">
      <Filter>Header Files</Filter>
    </ClInclude>
    <ClInclude Include="..\metann\operators\element_mul.h">
      <Filter>Header Files</Filter>
    </ClInclude>
    <ClInclude Include="..\metann\operators\facilities\category_cal.h">
      <Filter>Header Files</Filter>
    </ClInclude>
    <ClInclude Include="..\metann\operators\facilities\oper_seq.h">
      <Filter>Header Files</Filter>
    </ClInclude>
    <ClInclude Include="..\metann\operators\facilities\organizer.h">
      <Filter>Header Files</Filter>
    </ClInclude>
    <ClInclude Include="..\metann\operators\facilities\tags.h">
      <Filter>Header Files</Filter>
    </ClInclude>
    <ClInclude Include="..\metann\operators\facilities\traits.h">
      <Filter>Header Files</Filter>
    </ClInclude>
    <ClInclude Include="..\metann\operators\interpolate.h">
      <Filter>Header Files</Filter>
    </ClInclude>
    <ClInclude Include="..\metann\operators\negative_log_likelihood.h">
      <Filter>Header Files</Filter>
    </ClInclude>
    <ClInclude Include="..\metann\operators\negative_log_likelihood_derivative.h">
      <Filter>Header Files</Filter>
    </ClInclude>
    <ClInclude Include="..\metann\operators\operators.h">
      <Filter>Header Files</Filter>
    </ClInclude>
    <ClInclude Include="..\metann\operators\sigmoid.h">
      <Filter>Header Files</Filter>
    </ClInclude>
    <ClInclude Include="..\metann\operators\sigmoid_derivative.h">
      <Filter>Header Files</Filter>
    </ClInclude>
    <ClInclude Include="..\metann\operators\sign.h">
      <Filter>Header Files</Filter>
    </ClInclude>
    <ClInclude Include="..\metann\operators\softmax.h">
      <Filter>Header Files</Filter>
    </ClInclude>
    <ClInclude Include="..\metann\operators\softmax_derivative.h">
      <Filter>Header Files</Filter>
    </ClInclude>
    <ClInclude Include="..\metann\operators\substract.h">
      <Filter>Header Files</Filter>
    </ClInclude>
    <ClInclude Include="..\metann\operators\tanh.h">
      <Filter>Header Files</Filter>
    </ClInclude>
    <ClInclude Include="..\metann\operators\tanh_derivative.h">
      <Filter>Header Files</Filter>
    </ClInclude>
    <ClInclude Include="..\metann\operators\transpose.h">
      <Filter>Header Files</Filter>
    </ClInclude>
    <ClInclude Include="..\metann\policies\change_policy.h">
      <Filter>Header Files</Filter>
    </ClInclude>
    <ClInclude Include="..\metann\policies\inject_policy.h">
      <Filter>Header Files</Filter>
    </ClInclude>
    <ClInclude Include="..\metann\policies\policy_container.h">
      <Filter>Header Files</Filter>
    </ClInclude>
    <ClInclude Include="..\metann\policies\policy_macro_begin.h">
      <Filter>Header Files</Filter>
    </ClInclude>
    <ClInclude Include="..\metann\policies\policy_macro_end.h">
      <Filter>Header Files</Filter>
    </ClInclude>
    <ClInclude Include="..\metann\policies\policy_operations.h">
      <Filter>Header Files</Filter>
    </ClInclude>
    <ClInclude Include="..\metann\policies\policy_selector.h">
      <Filter>Header Files</Filter>
    </ClInclude>
    <ClInclude Include="data\test_array.h">
      <Filter>Header Files</Filter>
    </ClInclude>
    <ClInclude Include="data\test_batch_matrix.h">
      <Filter>Header Files</Filter>
    </ClInclude>
    <ClInclude Include="data\test_batch_scalar.h">
      <Filter>Header Files</Filter>
    </ClInclude>
    <ClInclude Include="data\test_duplicate.h">
      <Filter>Header Files</Filter>
    </ClInclude>
    <ClInclude Include="data\test_general_matrix.h">
      <Filter>Header Files</Filter>
    </ClInclude>
    <ClInclude Include="data\test_one_hot_vector.h">
      <Filter>Header Files</Filter>
    </ClInclude>
    <ClInclude Include="data\test_scalar.h">
      <Filter>Header Files</Filter>
    </ClInclude>
    <ClInclude Include="data\test_trival_matrix.h">
      <Filter>Header Files</Filter>
    </ClInclude>
    <ClInclude Include="data\test_zero_matrix.h">
      <Filter>Header Files</Filter>
    </ClInclude>
    <ClInclude Include="evaluate\test_eval_plan.h">
      <Filter>Header Files</Filter>
    </ClInclude>
    <ClInclude Include="facilities\calculate_tags.h">
      <Filter>Header Files</Filter>
    </ClInclude>
    <ClInclude Include="facilities\data_gen.h">
      <Filter>Header Files</Filter>
    </ClInclude>
    <ClInclude Include="facilities\test_var_type_dict.h">
      <Filter>Header Files</Filter>
    </ClInclude>
    <ClInclude Include="layers\compose\test_compose_kernel.h">
      <Filter>Header Files</Filter>
    </ClInclude>
    <ClInclude Include="layers\compose\test_linear_layer.h">
      <Filter>Header Files</Filter>
    </ClInclude>
    <ClInclude Include="layers\compose\test_single_layer.h">
      <Filter>Header Files</Filter>
    </ClInclude>
    <ClInclude Include="layers\cost\test_negative_log_likelihood_layer.h">
      <Filter>Header Files</Filter>
    </ClInclude>
    <ClInclude Include="layers\elementary\test_abs_layer.h">
      <Filter>Header Files</Filter>
    </ClInclude>
    <ClInclude Include="layers\elementary\test_add_layer.h">
      <Filter>Header Files</Filter>
    </ClInclude>
    <ClInclude Include="layers\elementary\test_bias_layer.h">
      <Filter>Header Files</Filter>
    </ClInclude>
    <ClInclude Include="layers\elementary\test_element_mul_layer.h">
      <Filter>Header Files</Filter>
    </ClInclude>
    <ClInclude Include="layers\elementary\test_interpolate_layer.h">
      <Filter>Header Files</Filter>
    </ClInclude>
    <ClInclude Include="layers\elementary\test_sigmoid_layer.h">
      <Filter>Header Files</Filter>
    </ClInclude>
    <ClInclude Include="layers\elementary\test_softmax_layer.h">
      <Filter>Header Files</Filter>
    </ClInclude>
    <ClInclude Include="layers\elementary\test_tanh_layer.h">
      <Filter>Header Files</Filter>
    </ClInclude>
    <ClInclude Include="layers\elementary\test_weight_layer.h">
      <Filter>Header Files</Filter>
    </ClInclude>
    <ClInclude Include="layers\recurrent\test_gru.h">
      <Filter>Header Files</Filter>
    </ClInclude>
    <ClInclude Include="layers\recurrent\test_gru_2.h">
      <Filter>Header Files</Filter>
    </ClInclude>
    <ClInclude Include="model_rel\param_initializer\test_constant_filler.h">
      <Filter>Header Files</Filter>
    </ClInclude>
    <ClInclude Include="model_rel\param_initializer\test_gaussian_filler.h">
      <Filter>Header Files</Filter>
    </ClInclude>
    <ClInclude Include="model_rel\param_initializer\test_var_scale_filter.h">
      <Filter>Header Files</Filter>
    </ClInclude>
    <ClInclude Include="operators\test_abs.h">
      <Filter>Header Files</Filter>
    </ClInclude>
    <ClInclude Include="operators\test_add.h">
      <Filter>Header Files</Filter>
    </ClInclude>
    <ClInclude Include="operators\test_collapse.h">
      <Filter>Header Files</Filter>
    </ClInclude>
    <ClInclude Include="operators\test_divide.h">
      <Filter>Header Files</Filter>
    </ClInclude>
    <ClInclude Include="operators\test_dot.h">
      <Filter>Header Files</Filter>
    </ClInclude>
    <ClInclude Include="operators\test_element_mul.h">
      <Filter>Header Files</Filter>
    </ClInclude>
    <ClInclude Include="operators\test_interpolate.h">
      <Filter>Header Files</Filter>
    </ClInclude>
    <ClInclude Include="operators\test_negative_log_likelihood.h">
      <Filter>Header Files</Filter>
    </ClInclude>
    <ClInclude Include="operators\test_negative_log_likelihood_derivative.h">
      <Filter>Header Files</Filter>
    </ClInclude>
    <ClInclude Include="operators\test_sigmoid.h">
      <Filter>Header Files</Filter>
    </ClInclude>
    <ClInclude Include="operators\test_sigmoid_derivative.h">
      <Filter>Header Files</Filter>
    </ClInclude>
    <ClInclude Include="operators\test_sign.h">
      <Filter>Header Files</Filter>
    </ClInclude>
    <ClInclude Include="operators\test_softmax.h">
      <Filter>Header Files</Filter>
    </ClInclude>
    <ClInclude Include="operators\test_softmax_derivative.h">
      <Filter>Header Files</Filter>
    </ClInclude>
    <ClInclude Include="operators\test_substract.h">
      <Filter>Header Files</Filter>
    </ClInclude>
    <ClInclude Include="operators\test_tanh.h">
      <Filter>Header Files</Filter>
    </ClInclude>
    <ClInclude Include="operators\test_tanh_derivative.h">
      <Filter>Header Files</Filter>
    </ClInclude>
    <ClInclude Include="operators\test_transpose.h">
      <Filter>Header Files</Filter>
    </ClInclude>
    <ClInclude Include="policies\test_change_policy.h">
      <Filter>Header Files</Filter>
    </ClInclude>
    <ClInclude Include="policies\test_policy_operations.h">
      <Filter>Header Files</Filter>
    </ClInclude>
    <ClInclude Include="policies\test_policy_selector.h">
      <Filter>Header Files</Filter>
    </ClInclude>
  </ItemGroup>
</Project>